// !$*UTF8*$!
{
	archiveVersion = 1;
	classes = {
	};
	objectVersion = 56;
	objects = {

/* Begin PBXBuildFile section */
		E8FCAD302B84131300F306C0 /* CalumpongKristinaHW4App.swift in Sources */ = {isa = PBXBuildFile; fileRef = E8FCAD2F2B84131300F306C0 /* CalumpongKristinaHW4App.swift */; };
		E8FCAD322B84131300F306C0 /* ContentView.swift in Sources */ = {isa = PBXBuildFile; fileRef = E8FCAD312B84131300F306C0 /* ContentView.swift */; };
		E8FCAD342B84131700F306C0 /* Assets.xcassets in Resources */ = {isa = PBXBuildFile; fileRef = E8FCAD332B84131700F306C0 /* Assets.xcassets */; };
		E8FCAD372B84131700F306C0 /* Preview Assets.xcassets in Resources */ = {isa = PBXBuildFile; fileRef = E8FCAD362B84131700F306C0 /* Preview Assets.xcassets */; };
		E8FCAD412B84131700F306C0 /* CalumpongKristinaHW4Tests.swift in Sources */ = {isa = PBXBuildFile; fileRef = E8FCAD402B84131700F306C0 /* CalumpongKristinaHW4Tests.swift */; };
		E8FCAD4B2B84131700F306C0 /* CalumpongKristinaHW4UITests.swift in Sources */ = {isa = PBXBuildFile; fileRef = E8FCAD4A2B84131700F306C0 /* CalumpongKristinaHW4UITests.swift */; };
		E8FCAD4D2B84131700F306C0 /* CalumpongKristinaHW4UITestsLaunchTests.swift in Sources */ = {isa = PBXBuildFile; fileRef = E8FCAD4C2B84131700F306C0 /* CalumpongKristinaHW4UITestsLaunchTests.swift */; };
/* End PBXBuildFile section */

/* Begin PBXContainerItemProxy section */
		E8FCAD3D2B84131700F306C0 /* PBXContainerItemProxy */ = {
			isa = PBXContainerItemProxy;
			containerPortal = E8FCAD242B84131300F306C0 /* Project object */;
			proxyType = 1;
			remoteGlobalIDString = E8FCAD2B2B84131300F306C0;
			remoteInfo = CalumpongKristinaHW4;
		};
		E8FCAD472B84131700F306C0 /* PBXContainerItemProxy */ = {
			isa = PBXContainerItemProxy;
			containerPortal = E8FCAD242B84131300F306C0 /* Project object */;
			proxyType = 1;
			remoteGlobalIDString = E8FCAD2B2B84131300F306C0;
			remoteInfo = CalumpongKristinaHW4;
		};
/* End PBXContainerItemProxy section */

/* Begin PBXFileReference section */
		E8FCAD2C2B84131300F306C0 /* CalumpongKristinaHW4.app */ = {isa = PBXFileReference; explicitFileType = wrapper.application; includeInIndex = 0; path = CalumpongKristinaHW4.app; sourceTree = BUILT_PRODUCTS_DIR; };
		E8FCAD2F2B84131300F306C0 /* CalumpongKristinaHW4App.swift */ = {isa = PBXFileReference; lastKnownFileType = sourcecode.swift; path = CalumpongKristinaHW4App.swift; sourceTree = "<group>"; };
		E8FCAD312B84131300F306C0 /* ContentView.swift */ = {isa = PBXFileReference; lastKnownFileType = sourcecode.swift; path = ContentView.swift; sourceTree = "<group>"; };
		E8FCAD332B84131700F306C0 /* Assets.xcassets */ = {isa = PBXFileReference; lastKnownFileType = folder.assetcatalog; path = Assets.xcassets; sourceTree = "<group>"; };
		E8FCAD362B84131700F306C0 /* Preview Assets.xcassets */ = {isa = PBXFileReference; lastKnownFileType = folder.assetcatalog; path = "Preview Assets.xcassets"; sourceTree = "<group>"; };
		E8FCAD3C2B84131700F306C0 /* CalumpongKristinaHW4Tests.xctest */ = {isa = PBXFileReference; explicitFileType = wrapper.cfbundle; includeInIndex = 0; path = CalumpongKristinaHW4Tests.xctest; sourceTree = BUILT_PRODUCTS_DIR; };
		E8FCAD402B84131700F306C0 /* CalumpongKristinaHW4Tests.swift */ = {isa = PBXFileReference; lastKnownFileType = sourcecode.swift; path = CalumpongKristinaHW4Tests.swift; sourceTree = "<group>"; };
		E8FCAD462B84131700F306C0 /* CalumpongKristinaHW4UITests.xctest */ = {isa = PBXFileReference; explicitFileType = wrapper.cfbundle; includeInIndex = 0; path = CalumpongKristinaHW4UITests.xctest; sourceTree = BUILT_PRODUCTS_DIR; };
		E8FCAD4A2B84131700F306C0 /* CalumpongKristinaHW4UITests.swift */ = {isa = PBXFileReference; lastKnownFileType = sourcecode.swift; path = CalumpongKristinaHW4UITests.swift; sourceTree = "<group>"; };
		E8FCAD4C2B84131700F306C0 /* CalumpongKristinaHW4UITestsLaunchTests.swift */ = {isa = PBXFileReference; lastKnownFileType = sourcecode.swift; path = CalumpongKristinaHW4UITestsLaunchTests.swift; sourceTree = "<group>"; };
/* End PBXFileReference section */

/* Begin PBXFrameworksBuildPhase section */
		E8FCAD292B84131300F306C0 /* Frameworks */ = {
			isa = PBXFrameworksBuildPhase;
			buildActionMask = 2147483647;
			files = (
			);
			runOnlyForDeploymentPostprocessing = 0;
		};
		E8FCAD392B84131700F306C0 /* Frameworks */ = {
			isa = PBXFrameworksBuildPhase;
			buildActionMask = 2147483647;
			files = (
			);
			runOnlyForDeploymentPostprocessing = 0;
		};
		E8FCAD432B84131700F306C0 /* Frameworks */ = {
			isa = PBXFrameworksBuildPhase;
			buildActionMask = 2147483647;
			files = (
			);
			runOnlyForDeploymentPostprocessing = 0;
		};
/* End PBXFrameworksBuildPhase section */

/* Begin PBXGroup section */
		E8FCAD232B84131300F306C0 = {
			isa = PBXGroup;
			children = (
				E8FCAD2E2B84131300F306C0 /* CalumpongKristinaHW4 */,
				E8FCAD3F2B84131700F306C0 /* CalumpongKristinaHW4Tests */,
				E8FCAD492B84131700F306C0 /* CalumpongKristinaHW4UITests */,
				E8FCAD2D2B84131300F306C0 /* Products */,
			);
			sourceTree = "<group>";
		};
		E8FCAD2D2B84131300F306C0 /* Products */ = {
			isa = PBXGroup;
			children = (
				E8FCAD2C2B84131300F306C0 /* CalumpongKristinaHW4.app */,
				E8FCAD3C2B84131700F306C0 /* CalumpongKristinaHW4Tests.xctest */,
				E8FCAD462B84131700F306C0 /* CalumpongKristinaHW4UITests.xctest */,
			);
			name = Products;
			sourceTree = "<group>";
		};
		E8FCAD2E2B84131300F306C0 /* CalumpongKristinaHW4 */ = {
			isa = PBXGroup;
			children = (
				E8FCAD2F2B84131300F306C0 /* CalumpongKristinaHW4App.swift */,
				E8FCAD312B84131300F306C0 /* ContentView.swift */,
				E8FCAD332B84131700F306C0 /* Assets.xcassets */,
				E8FCAD352B84131700F306C0 /* Preview Content */,
			);
			path = CalumpongKristinaHW4;
			sourceTree = "<group>";
		};
		E8FCAD352B84131700F306C0 /* Preview Content */ = {
			isa = PBXGroup;
			children = (
				E8FCAD362B84131700F306C0 /* Preview Assets.xcassets */,
			);
			path = "Preview Content";
			sourceTree = "<group>";
		};
		E8FCAD3F2B84131700F306C0 /* CalumpongKristinaHW4Tests */ = {
			isa = PBXGroup;
			children = (
				E8FCAD402B84131700F306C0 /* CalumpongKristinaHW4Tests.swift */,
			);
			path = CalumpongKristinaHW4Tests;
			sourceTree = "<group>";
		};
		E8FCAD492B84131700F306C0 /* CalumpongKristinaHW4UITests */ = {
			isa = PBXGroup;
			children = (
				E8FCAD4A2B84131700F306C0 /* CalumpongKristinaHW4UITests.swift */,
				E8FCAD4C2B84131700F306C0 /* CalumpongKristinaHW4UITestsLaunchTests.swift */,
			);
			path = CalumpongKristinaHW4UITests;
			sourceTree = "<group>";
		};
/* End PBXGroup section */

/* Begin PBXNativeTarget section */
		E8FCAD2B2B84131300F306C0 /* CalumpongKristinaHW4 */ = {
			isa = PBXNativeTarget;
			buildConfigurationList = E8FCAD502B84131700F306C0 /* Build configuration list for PBXNativeTarget "CalumpongKristinaHW4" */;
			buildPhases = (
				E8FCAD282B84131300F306C0 /* Sources */,
				E8FCAD292B84131300F306C0 /* Frameworks */,
				E8FCAD2A2B84131300F306C0 /* Resources */,
			);
			buildRules = (
			);
			dependencies = (
			);
			name = CalumpongKristinaHW4;
			productName = CalumpongKristinaHW4;
			productReference = E8FCAD2C2B84131300F306C0 /* CalumpongKristinaHW4.app */;
			productType = "com.apple.product-type.application";
		};
		E8FCAD3B2B84131700F306C0 /* CalumpongKristinaHW4Tests */ = {
			isa = PBXNativeTarget;
			buildConfigurationList = E8FCAD532B84131700F306C0 /* Build configuration list for PBXNativeTarget "CalumpongKristinaHW4Tests" */;
			buildPhases = (
				E8FCAD382B84131700F306C0 /* Sources */,
				E8FCAD392B84131700F306C0 /* Frameworks */,
				E8FCAD3A2B84131700F306C0 /* Resources */,
			);
			buildRules = (
			);
			dependencies = (
				E8FCAD3E2B84131700F306C0 /* PBXTargetDependency */,
			);
			name = CalumpongKristinaHW4Tests;
			productName = CalumpongKristinaHW4Tests;
			productReference = E8FCAD3C2B84131700F306C0 /* CalumpongKristinaHW4Tests.xctest */;
			productType = "com.apple.product-type.bundle.unit-test";
		};
		E8FCAD452B84131700F306C0 /* CalumpongKristinaHW4UITests */ = {
			isa = PBXNativeTarget;
			buildConfigurationList = E8FCAD562B84131700F306C0 /* Build configuration list for PBXNativeTarget "CalumpongKristinaHW4UITests" */;
			buildPhases = (
				E8FCAD422B84131700F306C0 /* Sources */,
				E8FCAD432B84131700F306C0 /* Frameworks */,
				E8FCAD442B84131700F306C0 /* Resources */,
			);
			buildRules = (
			);
			dependencies = (
				E8FCAD482B84131700F306C0 /* PBXTargetDependency */,
			);
			name = CalumpongKristinaHW4UITests;
			productName = CalumpongKristinaHW4UITests;
			productReference = E8FCAD462B84131700F306C0 /* CalumpongKristinaHW4UITests.xctest */;
			productType = "com.apple.product-type.bundle.ui-testing";
		};
/* End PBXNativeTarget section */

/* Begin PBXProject section */
		E8FCAD242B84131300F306C0 /* Project object */ = {
			isa = PBXProject;
			attributes = {
				BuildIndependentTargetsInParallel = 1;
				LastSwiftUpdateCheck = 1520;
				LastUpgradeCheck = 1520;
				TargetAttributes = {
					E8FCAD2B2B84131300F306C0 = {
						CreatedOnToolsVersion = 15.2;
					};
					E8FCAD3B2B84131700F306C0 = {
						CreatedOnToolsVersion = 15.2;
						TestTargetID = E8FCAD2B2B84131300F306C0;
					};
					E8FCAD452B84131700F306C0 = {
						CreatedOnToolsVersion = 15.2;
						TestTargetID = E8FCAD2B2B84131300F306C0;
					};
				};
			};
			buildConfigurationList = E8FCAD272B84131300F306C0 /* Build configuration list for PBXProject "CalumpongKristinaHW4" */;
			compatibilityVersion = "Xcode 14.0";
			developmentRegion = en;
			hasScannedForEncodings = 0;
			knownRegions = (
				en,
				Base,
			);
			mainGroup = E8FCAD232B84131300F306C0;
			productRefGroup = E8FCAD2D2B84131300F306C0 /* Products */;
			projectDirPath = "";
			projectRoot = "";
			targets = (
				E8FCAD2B2B84131300F306C0 /* CalumpongKristinaHW4 */,
				E8FCAD3B2B84131700F306C0 /* CalumpongKristinaHW4Tests */,
				E8FCAD452B84131700F306C0 /* CalumpongKristinaHW4UITests */,
			);
		};
/* End PBXProject section */

/* Begin PBXResourcesBuildPhase section */
		E8FCAD2A2B84131300F306C0 /* Resources */ = {
			isa = PBXResourcesBuildPhase;
			buildActionMask = 2147483647;
			files = (
				E8FCAD372B84131700F306C0 /* Preview Assets.xcassets in Resources */,
				E8FCAD342B84131700F306C0 /* Assets.xcassets in Resources */,
			);
			runOnlyForDeploymentPostprocessing = 0;
		};
		E8FCAD3A2B84131700F306C0 /* Resources */ = {
			isa = PBXResourcesBuildPhase;
			buildActionMask = 2147483647;
			files = (
			);
			runOnlyForDeploymentPostprocessing = 0;
		};
		E8FCAD442B84131700F306C0 /* Resources */ = {
			isa = PBXResourcesBuildPhase;
			buildActionMask = 2147483647;
			files = (
			);
			runOnlyForDeploymentPostprocessing = 0;
		};
/* End PBXResourcesBuildPhase section */

/* Begin PBXSourcesBuildPhase section */
		E8FCAD282B84131300F306C0 /* Sources */ = {
			isa = PBXSourcesBuildPhase;
			buildActionMask = 2147483647;
			files = (
				E8FCAD322B84131300F306C0 /* ContentView.swift in Sources */,
				E8FCAD302B84131300F306C0 /* CalumpongKristinaHW4App.swift in Sources */,
			);
			runOnlyForDeploymentPostprocessing = 0;
		};
		E8FCAD382B84131700F306C0 /* Sources */ = {
			isa = PBXSourcesBuildPhase;
			buildActionMask = 2147483647;
			files = (
				E8FCAD412B84131700F306C0 /* CalumpongKristinaHW4Tests.swift in Sources */,
			);
			runOnlyForDeploymentPostprocessing = 0;
		};
		E8FCAD422B84131700F306C0 /* Sources */ = {
			isa = PBXSourcesBuildPhase;
			buildActionMask = 2147483647;
			files = (
				E8FCAD4D2B84131700F306C0 /* CalumpongKristinaHW4UITestsLaunchTests.swift in Sources */,
				E8FCAD4B2B84131700F306C0 /* CalumpongKristinaHW4UITests.swift in Sources */,
			);
			runOnlyForDeploymentPostprocessing = 0;
		};
/* End PBXSourcesBuildPhase section */

/* Begin PBXTargetDependency section */
		E8FCAD3E2B84131700F306C0 /* PBXTargetDependency */ = {
			isa = PBXTargetDependency;
			target = E8FCAD2B2B84131300F306C0 /* CalumpongKristinaHW4 */;
			targetProxy = E8FCAD3D2B84131700F306C0 /* PBXContainerItemProxy */;
		};
		E8FCAD482B84131700F306C0 /* PBXTargetDependency */ = {
			isa = PBXTargetDependency;
			target = E8FCAD2B2B84131300F306C0 /* CalumpongKristinaHW4 */;
			targetProxy = E8FCAD472B84131700F306C0 /* PBXContainerItemProxy */;
		};
/* End PBXTargetDependency section */

/* Begin XCBuildConfiguration section */
		E8FCAD4E2B84131700F306C0 /* Debug */ = {
			isa = XCBuildConfiguration;
			buildSettings = {
				ALWAYS_SEARCH_USER_PATHS = NO;
				ASSETCATALOG_COMPILER_GENERATE_SWIFT_ASSET_SYMBOL_EXTENSIONS = YES;
				CLANG_ANALYZER_NONNULL = YES;
				CLANG_ANALYZER_NUMBER_OBJECT_CONVERSION = YES_AGGRESSIVE;
				CLANG_CXX_LANGUAGE_STANDARD = "gnu++20";
				CLANG_ENABLE_MODULES = YES;
				CLANG_ENABLE_OBJC_ARC = YES;
				CLANG_ENABLE_OBJC_WEAK = YES;
				CLANG_WARN_BLOCK_CAPTURE_AUTORELEASING = YES;
				CLANG_WARN_BOOL_CONVERSION = YES;
				CLANG_WARN_COMMA = YES;
				CLANG_WARN_CONSTANT_CONVERSION = YES;
				CLANG_WARN_DEPRECATED_OBJC_IMPLEMENTATIONS = YES;
				CLANG_WARN_DIRECT_OBJC_ISA_USAGE = YES_ERROR;
				CLANG_WARN_DOCUMENTATION_COMMENTS = YES;
				CLANG_WARN_EMPTY_BODY = YES;
				CLANG_WARN_ENUM_CONVERSION = YES;
				CLANG_WARN_INFINITE_RECURSION = YES;
				CLANG_WARN_INT_CONVERSION = YES;
				CLANG_WARN_NON_LITERAL_NULL_CONVERSION = YES;
				CLANG_WARN_OBJC_IMPLICIT_RETAIN_SELF = YES;
				CLANG_WARN_OBJC_LITERAL_CONVERSION = YES;
				CLANG_WARN_OBJC_ROOT_CLASS = YES_ERROR;
				CLANG_WARN_QUOTED_INCLUDE_IN_FRAMEWORK_HEADER = YES;
				CLANG_WARN_RANGE_LOOP_ANALYSIS = YES;
				CLANG_WARN_STRICT_PROTOTYPES = YES;
				CLANG_WARN_SUSPICIOUS_MOVE = YES;
				CLANG_WARN_UNGUARDED_AVAILABILITY = YES_AGGRESSIVE;
				CLANG_WARN_UNREACHABLE_CODE = YES;
				CLANG_WARN__DUPLICATE_METHOD_MATCH = YES;
				COPY_PHASE_STRIP = NO;
				DEBUG_INFORMATION_FORMAT = dwarf;
				ENABLE_STRICT_OBJC_MSGSEND = YES;
				ENABLE_TESTABILITY = YES;
				ENABLE_USER_SCRIPT_SANDBOXING = YES;
				GCC_C_LANGUAGE_STANDARD = gnu17;
				GCC_DYNAMIC_NO_PIC = NO;
				GCC_NO_COMMON_BLOCKS = YES;
				GCC_OPTIMIZATION_LEVEL = 0;
				GCC_PREPROCESSOR_DEFINITIONS = (
					"DEBUG=1",
					"$(inherited)",
				);
				GCC_WARN_64_TO_32_BIT_CONVERSION = YES;
				GCC_WARN_ABOUT_RETURN_TYPE = YES_ERROR;
				GCC_WARN_UNDECLARED_SELECTOR = YES;
				GCC_WARN_UNINITIALIZED_AUTOS = YES_AGGRESSIVE;
				GCC_WARN_UNUSED_FUNCTION = YES;
				GCC_WARN_UNUSED_VARIABLE = YES;
				IPHONEOS_DEPLOYMENT_TARGET = 17.2;
				LOCALIZATION_PREFERS_STRING_CATALOGS = YES;
				MTL_ENABLE_DEBUG_INFO = INCLUDE_SOURCE;
				MTL_FAST_MATH = YES;
				ONLY_ACTIVE_ARCH = YES;
				SDKROOT = iphoneos;
				SWIFT_ACTIVE_COMPILATION_CONDITIONS = "DEBUG $(inherited)";
				SWIFT_OPTIMIZATION_LEVEL = "-Onone";
			};
			name = Debug;
		};
		E8FCAD4F2B84131700F306C0 /* Release */ = {
			isa = XCBuildConfiguration;
			buildSettings = {
				ALWAYS_SEARCH_USER_PATHS = NO;
				ASSETCATALOG_COMPILER_GENERATE_SWIFT_ASSET_SYMBOL_EXTENSIONS = YES;
				CLANG_ANALYZER_NONNULL = YES;
				CLANG_ANALYZER_NUMBER_OBJECT_CONVERSION = YES_AGGRESSIVE;
				CLANG_CXX_LANGUAGE_STANDARD = "gnu++20";
				CLANG_ENABLE_MODULES = YES;
				CLANG_ENABLE_OBJC_ARC = YES;
				CLANG_ENABLE_OBJC_WEAK = YES;
				CLANG_WARN_BLOCK_CAPTURE_AUTORELEASING = YES;
				CLANG_WARN_BOOL_CONVERSION = YES;
				CLANG_WARN_COMMA = YES;
				CLANG_WARN_CONSTANT_CONVERSION = YES;
				CLANG_WARN_DEPRECATED_OBJC_IMPLEMENTATIONS = YES;
				CLANG_WARN_DIRECT_OBJC_ISA_USAGE = YES_ERROR;
				CLANG_WARN_DOCUMENTATION_COMMENTS = YES;
				CLANG_WARN_EMPTY_BODY = YES;
				CLANG_WARN_ENUM_CONVERSION = YES;
				CLANG_WARN_INFINITE_RECURSION = YES;
				CLANG_WARN_INT_CONVERSION = YES;
				CLANG_WARN_NON_LITERAL_NULL_CONVERSION = YES;
				CLANG_WARN_OBJC_IMPLICIT_RETAIN_SELF = YES;
				CLANG_WARN_OBJC_LITERAL_CONVERSION = YES;
				CLANG_WARN_OBJC_ROOT_CLASS = YES_ERROR;
				CLANG_WARN_QUOTED_INCLUDE_IN_FRAMEWORK_HEADER = YES;
				CLANG_WARN_RANGE_LOOP_ANALYSIS = YES;
				CLANG_WARN_STRICT_PROTOTYPES = YES;
				CLANG_WARN_SUSPICIOUS_MOVE = YES;
				CLANG_WARN_UNGUARDED_AVAILABILITY = YES_AGGRESSIVE;
				CLANG_WARN_UNREACHABLE_CODE = YES;
				CLANG_WARN__DUPLICATE_METHOD_MATCH = YES;
				COPY_PHASE_STRIP = NO;
				DEBUG_INFORMATION_FORMAT = "dwarf-with-dsym";
				ENABLE_NS_ASSERTIONS = NO;
				ENABLE_STRICT_OBJC_MSGSEND = YES;
				ENABLE_USER_SCRIPT_SANDBOXING = YES;
				GCC_C_LANGUAGE_STANDARD = gnu17;
				GCC_NO_COMMON_BLOCKS = YES;
				GCC_WARN_64_TO_32_BIT_CONVERSION = YES;
				GCC_WARN_ABOUT_RETURN_TYPE = YES_ERROR;
				GCC_WARN_UNDECLARED_SELECTOR = YES;
				GCC_WARN_UNINITIALIZED_AUTOS = YES_AGGRESSIVE;
				GCC_WARN_UNUSED_FUNCTION = YES;
				GCC_WARN_UNUSED_VARIABLE = YES;
				IPHONEOS_DEPLOYMENT_TARGET = 17.2;
				LOCALIZATION_PREFERS_STRING_CATALOGS = YES;
				MTL_ENABLE_DEBUG_INFO = NO;
				MTL_FAST_MATH = YES;
				SDKROOT = iphoneos;
				SWIFT_COMPILATION_MODE = wholemodule;
				VALIDATE_PRODUCT = YES;
			};
			name = Release;
		};
		E8FCAD512B84131700F306C0 /* Debug */ = {
			isa = XCBuildConfiguration;
			buildSettings = {
				ASSETCATALOG_COMPILER_APPICON_NAME = AppIcon;
				ASSETCATALOG_COMPILER_GLOBAL_ACCENT_COLOR_NAME = AccentColor;
				CODE_SIGN_STYLE = Automatic;
				CURRENT_PROJECT_VERSION = 1;
				DEVELOPMENT_ASSET_PATHS = "\"CalumpongKristinaHW4/Preview Content\"";
				DEVELOPMENT_TEAM = 986XJDNN73;
				ENABLE_PREVIEWS = YES;
				GENERATE_INFOPLIST_FILE = YES;
				INFOPLIST_KEY_UIApplicationSceneManifest_Generation = YES;
				INFOPLIST_KEY_UIApplicationSupportsIndirectInputEvents = YES;
				INFOPLIST_KEY_UILaunchScreen_Generation = YES;
				INFOPLIST_KEY_UISupportedInterfaceOrientations_iPad = "UIInterfaceOrientationPortrait UIInterfaceOrientationPortraitUpsideDown UIInterfaceOrientationLandscapeLeft UIInterfaceOrientationLandscapeRight";
				INFOPLIST_KEY_UISupportedInterfaceOrientations_iPhone = "UIInterfaceOrientationPortrait UIInterfaceOrientationLandscapeLeft UIInterfaceOrientationLandscapeRight";
				LD_RUNPATH_SEARCH_PATHS = (
					"$(inherited)",
					"@executable_path/Frameworks",
				);
				MARKETING_VERSION = 1.0;
				PRODUCT_BUNDLE_IDENTIFIER = edu.usc.CalumpongKristinaHW4;
				PRODUCT_NAME = "$(TARGET_NAME)";
				SWIFT_EMIT_LOC_STRINGS = YES;
				SWIFT_VERSION = 5.0;
				TARGETED_DEVICE_FAMILY = "1,2";
			};
			name = Debug;
		};
		E8FCAD522B84131700F306C0 /* Release */ = {
			isa = XCBuildConfiguration;
			buildSettings = {
				ASSETCATALOG_COMPILER_APPICON_NAME = AppIcon;
				ASSETCATALOG_COMPILER_GLOBAL_ACCENT_COLOR_NAME = AccentColor;
				CODE_SIGN_STYLE = Automatic;
				CURRENT_PROJECT_VERSION = 1;
				DEVELOPMENT_ASSET_PATHS = "\"CalumpongKristinaHW4/Preview Content\"";
				DEVELOPMENT_TEAM = 986XJDNN73;
				ENABLE_PREVIEWS = YES;
				GENERATE_INFOPLIST_FILE = YES;
				INFOPLIST_KEY_UIApplicationSceneManifest_Generation = YES;
				INFOPLIST_KEY_UIApplicationSupportsIndirectInputEvents = YES;
				INFOPLIST_KEY_UILaunchScreen_Generation = YES;
				INFOPLIST_KEY_UISupportedInterfaceOrientations_iPad = "UIInterfaceOrientationPortrait UIInterfaceOrientationPortraitUpsideDown UIInterfaceOrientationLandscapeLeft UIInterfaceOrientationLandscapeRight";
				INFOPLIST_KEY_UISupportedInterfaceOrientations_iPhone = "UIInterfaceOrientationPortrait UIInterfaceOrientationLandscapeLeft UIInterfaceOrientationLandscapeRight";
				LD_RUNPATH_SEARCH_PATHS = (
					"$(inherited)",
					"@executable_path/Frameworks",
				);
				MARKETING_VERSION = 1.0;
				PRODUCT_BUNDLE_IDENTIFIER = edu.usc.CalumpongKristinaHW4;
				PRODUCT_NAME = "$(TARGET_NAME)";
				SWIFT_EMIT_LOC_STRINGS = YES;
				SWIFT_VERSION = 5.0;
				TARGETED_DEVICE_FAMILY = "1,2";
			};
			name = Release;
		};
		E8FCAD542B84131700F306C0 /* Debug */ = {
			isa = XCBuildConfiguration;
			buildSettings = {
				ALWAYS_EMBED_SWIFT_STANDARD_LIBRARIES = YES;
				BUNDLE_LOADER = "$(TEST_HOST)";
				CODE_SIGN_STYLE = Automatic;
				CURRENT_PROJECT_VERSION = 1;
				DEVELOPMENT_TEAM = 986XJDNN73;
				GENERATE_INFOPLIST_FILE = YES;
				IPHONEOS_DEPLOYMENT_TARGET = 17.2;
				MARKETING_VERSION = 1.0;
				PRODUCT_BUNDLE_IDENTIFIER = edu.usc.CalumpongKristinaHW4Tests;
				PRODUCT_NAME = "$(TARGET_NAME)";
				SWIFT_EMIT_LOC_STRINGS = NO;
				SWIFT_VERSION = 5.0;
				TARGETED_DEVICE_FAMILY = "1,2";
				TEST_HOST = "$(BUILT_PRODUCTS_DIR)/CalumpongKristinaHW4.app/$(BUNDLE_EXECUTABLE_FOLDER_PATH)/CalumpongKristinaHW4";
			};
			name = Debug;
		};
		E8FCAD552B84131700F306C0 /* Release */ = {
			isa = XCBuildConfiguration;
			buildSettings = {
				ALWAYS_EMBED_SWIFT_STANDARD_LIBRARIES = YES;
				BUNDLE_LOADER = "$(TEST_HOST)";
				CODE_SIGN_STYLE = Automatic;
				CURRENT_PROJECT_VERSION = 1;
				DEVELOPMENT_TEAM = 986XJDNN73;
				GENERATE_INFOPLIST_FILE = YES;
				IPHONEOS_DEPLOYMENT_TARGET = 17.2;
				MARKETING_VERSION = 1.0;
				PRODUCT_BUNDLE_IDENTIFIER = edu.usc.CalumpongKristinaHW4Tests;
				PRODUCT_NAME = "$(TARGET_NAME)";
				SWIFT_EMIT_LOC_STRINGS = NO;
				SWIFT_VERSION = 5.0;
				TARGETED_DEVICE_FAMILY = "1,2";
				TEST_HOST = "$(BUILT_PRODUCTS_DIR)/CalumpongKristinaHW4.app/$(BUNDLE_EXECUTABLE_FOLDER_PATH)/CalumpongKristinaHW4";
			};
			name = Release;
		};
		E8FCAD572B84131700F306C0 /* Debug */ = {
			isa = XCBuildConfiguration;
			buildSettings = {
				ALWAYS_EMBED_SWIFT_STANDARD_LIBRARIES = YES;
				CODE_SIGN_STYLE = Automatic;
				CURRENT_PROJECT_VERSION = 1;
				DEVELOPMENT_TEAM = 986XJDNN73;
				GENERATE_INFOPLIST_FILE = YES;
				MARKETING_VERSION = 1.0;
				PRODUCT_BUNDLE_IDENTIFIER = edu.usc.CalumpongKristinaHW4UITests;
				PRODUCT_NAME = "$(TARGET_NAME)";
				SWIFT_EMIT_LOC_STRINGS = NO;
				SWIFT_VERSION = 5.0;
				TARGETED_DEVICE_FAMILY = "1,2";
				TEST_TARGET_NAME = CalumpongKristinaHW4;
			};
			name = Debug;
		};
		E8FCAD582B84131700F306C0 /* Release */ = {
			isa = XCBuildConfiguration;
			buildSettings = {
				ALWAYS_EMBED_SWIFT_STANDARD_LIBRARIES = YES;
				CODE_SIGN_STYLE = Automatic;
				CURRENT_PROJECT_VERSION = 1;
				DEVELOPMENT_TEAM = 986XJDNN73;
				GENERATE_INFOPLIST_FILE = YES;
				MARKETING_VERSION = 1.0;
				PRODUCT_BUNDLE_IDENTIFIER = edu.usc.CalumpongKristinaHW4UITests;
				PRODUCT_NAME = "$(TARGET_NAME)";
				SWIFT_EMIT_LOC_STRINGS = NO;
				SWIFT_VERSION = 5.0;
				TARGETED_DEVICE_FAMILY = "1,2";
				TEST_TARGET_NAME = CalumpongKristinaHW4;
			};
			name = Release;
		};
/* End XCBuildConfiguration section */

/* Begin XCConfigurationList section */
		E8FCAD272B84131300F306C0 /* Build configuration list for PBXProject "CalumpongKristinaHW4" */ = {
			isa = XCConfigurationList;
			buildConfigurations = (
				E8FCAD4E2B84131700F306C0 /* Debug */,
				E8FCAD4F2B84131700F306C0 /* Release */,
			);
			defaultConfigurationIsVisible = 0;
			defaultConfigurationName = Release;
		};
		E8FCAD502B84131700F306C0 /* Build configuration list for PBXNativeTarget "CalumpongKristinaHW4" */ = {
			isa = XCConfigurationList;
			buildConfigurations = (
				E8FCAD512B84131700F306C0 /* Debug */,
				E8FCAD522B84131700F306C0 /* Release */,
			);
			defaultConfigurationIsVisible = 0;
			defaultConfigurationName = Release;
		};
		E8FCAD532B84131700F306C0 /* Build configuration list for PBXNativeTarget "CalumpongKristinaHW4Tests" */ = {
			isa = XCConfigurationList;
			buildConfigurations = (
				E8FCAD542B84131700F306C0 /* Debug */,
				E8FCAD552B84131700F306C0 /* Release */,
			);
			defaultConfigurationIsVisible = 0;
			defaultConfigurationName = Release;
		};
		E8FCAD562B84131700F306C0 /* Build configuration list for PBXNativeTarget "CalumpongKristinaHW4UITests" */ = {
			isa = XCConfigurationList;
			buildConfigurations = (
				E8FCAD572B84131700F306C0 /* Debug */,
				E8FCAD582B84131700F306C0 /* Release */,
			);
			defaultConfigurationIsVisible = 0;
			defaultConfigurationName = Release;
		};
/* End XCConfigurationList section */
	};
	rootObject = E8FCAD242B84131300F306C0 /* Project object */;
}
